
Microsoft Visual Studio Solution File, Format Version 12.00
# Visual Studio 15
VisualStudioVersion = 15.0.27428.2015
MinimumVisualStudioVersion = 10.0.40219.1
Project("{FAE04EC0-301F-11D3-BF4B-00C04F79EFBC}") = "DurableFunctions.Eternals", "DurableFunctions.Eternals\DurableFunctions.Eternals.csproj", "{12B44D74-2567-4193-A594-7BBEF7E91250}"
EndProject
Global
	GlobalSection(SolutionConfigurationPlatforms) = preSolution
		Debug|Any CPU = Debug|Any CPU
		Release|Any CPU = Release|Any CPU
	EndGlobalSection
	GlobalSection(ProjectConfigurationPlatforms) = postSolution
		{12B44D74-2567-4193-A594-7BBEF7E91250}.Debug|Any CPU.ActiveCfg = Debug|Any CPU
		{12B44D74-2567-4193-A594-7BBEF7E91250}.Debug|Any CPU.Build.0 = Debug|Any CPU
		{12B44D74-2567-4193-A594-7BBEF7E91250}.Release|Any CPU.ActiveCfg = Release|Any CPU
		{12B44D74-2567-4193-A594-7BBEF7E91250}.Release|Any CPU.Build.0 = Release|Any CPU
	EndGlobalSection
	GlobalSection(SolutionProperties) = preSolution
		HideSolutionNode = FALSE
	EndGlobalSection
	GlobalSection(ExtensibilityGlobals) = postSolution
		SolutionGuid = {508F5862-442D-4605-851B-5FF5E9E2A547}
	EndGlobalSection
EndGlobal
