
Microsoft Visual Studio Solution File, Format Version 12.00
# Visual Studio 15
VisualStudioVersion = 15.0.27428.2015
MinimumVisualStudioVersion = 10.0.40219.1
Project("{FAE04EC0-301F-11D3-BF4B-00C04F79EFBC}") = "DurableFunctions.Intro", "DurableFunctions.Intro\DurableFunctions.Intro.csproj", "{D3B3A2FE-B6CD-4A10-80E5-F254F422E37C}"
EndProject
Global
	GlobalSection(SolutionConfigurationPlatforms) = preSolution
		Debug|Any CPU = Debug|Any CPU
		Release|Any CPU = Release|Any CPU
	EndGlobalSection
	GlobalSection(ProjectConfigurationPlatforms) = postSolution
		{D3B3A2FE-B6CD-4A10-80E5-F254F422E37C}.Debug|Any CPU.ActiveCfg = Debug|Any CPU
		{D3B3A2FE-B6CD-4A10-80E5-F254F422E37C}.Debug|Any CPU.Build.0 = Debug|Any CPU
		{D3B3A2FE-B6CD-4A10-80E5-F254F422E37C}.Release|Any CPU.ActiveCfg = Release|Any CPU
		{D3B3A2FE-B6CD-4A10-80E5-F254F422E37C}.Release|Any CPU.Build.0 = Release|Any CPU
	EndGlobalSection
	GlobalSection(SolutionProperties) = preSolution
		HideSolutionNode = FALSE
	EndGlobalSection
	GlobalSection(ExtensibilityGlobals) = postSolution
		SolutionGuid = {6B12B6A7-C66F-4715-AC9A-3758D870906C}
	EndGlobalSection
EndGlobal
